
Microsoft Visual Studio Solution File, Format Version 12.00
# Visual Studio 14
VisualStudioVersion = 14.0.23107.0
MinimumVisualStudioVersion = 10.0.40219.1
Project("{FAE04EC0-301F-11D3-BF4B-00C04F79EFBC}") = "ActiveHours", "ActiveHours\ActiveHours.csproj", "{B2574843-BB08-47C1-A382-D83F31EFE48F}"
EndProject
Project("{FAE04EC0-301F-11D3-BF4B-00C04F79EFBC}") = "ActiveHours.Tests", "ActiveHours.Tests\ActiveHours.Tests.csproj", "{D9A23B52-84A9-4B94-96C9-965E9CD60DC4}"
EndProject
Project("{FAE04EC0-301F-11D3-BF4B-00C04F79EFBC}") = "Data", "Data\Data.csproj", "{4C4F79CB-CFE6-47B2-B968-3C4B451078D3}"
EndProject
Project("{FAE04EC0-301F-11D3-BF4B-00C04F79EFBC}") = "Models", "Models\Models.csproj", "{C4684AC8-0C20-4ED8-8F66-42087BB1CF66}"
EndProject
Project("{FAE04EC0-301F-11D3-BF4B-00C04F79EFBC}") = "Services", "Services\Services.csproj", "{4344C5AF-1D92-4928-80F5-501E1C80BFC2}"
EndProject
Global
	GlobalSection(SolutionConfigurationPlatforms) = preSolution
		Debug|Any CPU = Debug|Any CPU
		Release|Any CPU = Release|Any CPU
	EndGlobalSection
	GlobalSection(ProjectConfigurationPlatforms) = postSolution
		{B2574843-BB08-47C1-A382-D83F31EFE48F}.Debug|Any CPU.ActiveCfg = Debug|Any CPU
		{B2574843-BB08-47C1-A382-D83F31EFE48F}.Debug|Any CPU.Build.0 = Debug|Any CPU
		{B2574843-BB08-47C1-A382-D83F31EFE48F}.Release|Any CPU.ActiveCfg = Release|Any CPU
		{B2574843-BB08-47C1-A382-D83F31EFE48F}.Release|Any CPU.Build.0 = Release|Any CPU
		{D9A23B52-84A9-4B94-96C9-965E9CD60DC4}.Debug|Any CPU.ActiveCfg = Debug|Any CPU
		{D9A23B52-84A9-4B94-96C9-965E9CD60DC4}.Debug|Any CPU.Build.0 = Debug|Any CPU
		{D9A23B52-84A9-4B94-96C9-965E9CD60DC4}.Release|Any CPU.ActiveCfg = Release|Any CPU
		{D9A23B52-84A9-4B94-96C9-965E9CD60DC4}.Release|Any CPU.Build.0 = Release|Any CPU
		{4C4F79CB-CFE6-47B2-B968-3C4B451078D3}.Debug|Any CPU.ActiveCfg = Debug|Any CPU
		{4C4F79CB-CFE6-47B2-B968-3C4B451078D3}.Debug|Any CPU.Build.0 = Debug|Any CPU
		{4C4F79CB-CFE6-47B2-B968-3C4B451078D3}.Release|Any CPU.ActiveCfg = Release|Any CPU
		{4C4F79CB-CFE6-47B2-B968-3C4B451078D3}.Release|Any CPU.Build.0 = Release|Any CPU
		{C4684AC8-0C20-4ED8-8F66-42087BB1CF66}.Debug|Any CPU.ActiveCfg = Debug|Any CPU
		{C4684AC8-0C20-4ED8-8F66-42087BB1CF66}.Debug|Any CPU.Build.0 = Debug|Any CPU
		{C4684AC8-0C20-4ED8-8F66-42087BB1CF66}.Release|Any CPU.ActiveCfg = Release|Any CPU
		{C4684AC8-0C20-4ED8-8F66-42087BB1CF66}.Release|Any CPU.Build.0 = Release|Any CPU
		{4344C5AF-1D92-4928-80F5-501E1C80BFC2}.Debug|Any CPU.ActiveCfg = Debug|Any CPU
		{4344C5AF-1D92-4928-80F5-501E1C80BFC2}.Debug|Any CPU.Build.0 = Debug|Any CPU
		{4344C5AF-1D92-4928-80F5-501E1C80BFC2}.Release|Any CPU.ActiveCfg = Release|Any CPU
		{4344C5AF-1D92-4928-80F5-501E1C80BFC2}.Release|Any CPU.Build.0 = Release|Any CPU
	EndGlobalSection
	GlobalSection(SolutionProperties) = preSolution
		HideSolutionNode = FALSE
	EndGlobalSection
EndGlobal
